
Microsoft Visual Studio Solution File, Format Version 12.00
# Visual Studio 15
VisualStudioVersion = 15.0.28307.106
MinimumVisualStudioVersion = 10.0.40219.1
Project("{FAE04EC0-301F-11D3-BF4B-00C04F79EFBC}") = "VirtualPainting", "VirtualPainting\VirtualPainting.csproj", "{E3F7B08E-6FBC-4553-B732-46634D8D63DF}"
EndProject
Project("{FAE04EC0-301F-11D3-BF4B-00C04F79EFBC}") = "VirtualRepainter", "VirtualRepainter\VirtualRepainter.csproj", "{EB55B409-B42F-4030-97EF-86EFEFD26859}"
EndProject
Project("{FAE04EC0-301F-11D3-BF4B-00C04F79EFBC}") = "KinectRecorder", "KinectRecorder\KinectRecorder.csproj", "{DA0087C3-FE14-4D77-9159-617829441057}"
EndProject
Project("{FAE04EC0-301F-11D3-BF4B-00C04F79EFBC}") = "VirtualPainting.UnitTests", "VirtualPainting.UnitTests\VirtualPainting.UnitTests.csproj", "{B43A4C21-9F84-40BD-BC88-DCCE4B75ABCE}"
EndProject
Project("{FAE04EC0-301F-11D3-BF4B-00C04F79EFBC}") = "PhotoBooth", "PhotoBooth\PhotoBooth.csproj", "{28809649-80EA-48AE-9702-609C935E7F47}"
EndProject
Global
	GlobalSection(SolutionConfigurationPlatforms) = preSolution
		Debug|Any CPU = Debug|Any CPU
		Debug|x64 = Debug|x64
		Release|Any CPU = Release|Any CPU
		Release|x64 = Release|x64
	EndGlobalSection
	GlobalSection(ProjectConfigurationPlatforms) = postSolution
		{E3F7B08E-6FBC-4553-B732-46634D8D63DF}.Debug|Any CPU.ActiveCfg = Debug|x64
		{E3F7B08E-6FBC-4553-B732-46634D8D63DF}.Debug|Any CPU.Build.0 = Debug|x64
		{E3F7B08E-6FBC-4553-B732-46634D8D63DF}.Debug|x64.ActiveCfg = Debug|x64
		{E3F7B08E-6FBC-4553-B732-46634D8D63DF}.Debug|x64.Build.0 = Debug|x64
		{E3F7B08E-6FBC-4553-B732-46634D8D63DF}.Release|Any CPU.ActiveCfg = Release|Any CPU
		{E3F7B08E-6FBC-4553-B732-46634D8D63DF}.Release|Any CPU.Build.0 = Release|Any CPU
		{E3F7B08E-6FBC-4553-B732-46634D8D63DF}.Release|x64.ActiveCfg = Release|x64
		{E3F7B08E-6FBC-4553-B732-46634D8D63DF}.Release|x64.Build.0 = Release|x64
		{EB55B409-B42F-4030-97EF-86EFEFD26859}.Debug|Any CPU.ActiveCfg = Debug|Any CPU
		{EB55B409-B42F-4030-97EF-86EFEFD26859}.Debug|Any CPU.Build.0 = Debug|Any CPU
		{EB55B409-B42F-4030-97EF-86EFEFD26859}.Debug|x64.ActiveCfg = Debug|x64
		{EB55B409-B42F-4030-97EF-86EFEFD26859}.Debug|x64.Build.0 = Debug|x64
		{EB55B409-B42F-4030-97EF-86EFEFD26859}.Release|Any CPU.ActiveCfg = Release|Any CPU
		{EB55B409-B42F-4030-97EF-86EFEFD26859}.Release|Any CPU.Build.0 = Release|Any CPU
		{EB55B409-B42F-4030-97EF-86EFEFD26859}.Release|x64.ActiveCfg = Release|x64
		{EB55B409-B42F-4030-97EF-86EFEFD26859}.Release|x64.Build.0 = Release|x64
		{DA0087C3-FE14-4D77-9159-617829441057}.Debug|Any CPU.ActiveCfg = Debug|Any CPU
		{DA0087C3-FE14-4D77-9159-617829441057}.Debug|Any CPU.Build.0 = Debug|Any CPU
		{DA0087C3-FE14-4D77-9159-617829441057}.Debug|x64.ActiveCfg = Debug|Any CPU
		{DA0087C3-FE14-4D77-9159-617829441057}.Debug|x64.Build.0 = Debug|Any CPU
		{DA0087C3-FE14-4D77-9159-617829441057}.Release|Any CPU.ActiveCfg = Release|Any CPU
		{DA0087C3-FE14-4D77-9159-617829441057}.Release|Any CPU.Build.0 = Release|Any CPU
		{DA0087C3-FE14-4D77-9159-617829441057}.Release|x64.ActiveCfg = Release|x64
		{DA0087C3-FE14-4D77-9159-617829441057}.Release|x64.Build.0 = Release|x64
		{B43A4C21-9F84-40BD-BC88-DCCE4B75ABCE}.Debug|Any CPU.ActiveCfg = Debug|Any CPU
		{B43A4C21-9F84-40BD-BC88-DCCE4B75ABCE}.Debug|Any CPU.Build.0 = Debug|Any CPU
		{B43A4C21-9F84-40BD-BC88-DCCE4B75ABCE}.Debug|x64.ActiveCfg = Debug|Any CPU
		{B43A4C21-9F84-40BD-BC88-DCCE4B75ABCE}.Debug|x64.Build.0 = Debug|Any CPU
		{B43A4C21-9F84-40BD-BC88-DCCE4B75ABCE}.Release|Any CPU.ActiveCfg = Release|Any CPU
		{B43A4C21-9F84-40BD-BC88-DCCE4B75ABCE}.Release|Any CPU.Build.0 = Release|Any CPU
		{B43A4C21-9F84-40BD-BC88-DCCE4B75ABCE}.Release|x64.ActiveCfg = Release|x64
		{B43A4C21-9F84-40BD-BC88-DCCE4B75ABCE}.Release|x64.Build.0 = Release|x64
		{28809649-80EA-48AE-9702-609C935E7F47}.Debug|Any CPU.ActiveCfg = Debug|Any CPU
		{28809649-80EA-48AE-9702-609C935E7F47}.Debug|Any CPU.Build.0 = Debug|Any CPU
		{28809649-80EA-48AE-9702-609C935E7F47}.Debug|x64.ActiveCfg = Debug|Any CPU
		{28809649-80EA-48AE-9702-609C935E7F47}.Debug|x64.Build.0 = Debug|Any CPU
		{28809649-80EA-48AE-9702-609C935E7F47}.Release|Any CPU.ActiveCfg = Release|Any CPU
		{28809649-80EA-48AE-9702-609C935E7F47}.Release|Any CPU.Build.0 = Release|Any CPU
		{28809649-80EA-48AE-9702-609C935E7F47}.Release|x64.ActiveCfg = Release|Any CPU
		{28809649-80EA-48AE-9702-609C935E7F47}.Release|x64.Build.0 = Release|Any CPU
	EndGlobalSection
	GlobalSection(SolutionProperties) = preSolution
		HideSolutionNode = FALSE
	EndGlobalSection
	GlobalSection(ExtensibilityGlobals) = postSolution
		SolutionGuid = {208E0D2B-4B5B-479C-94CE-252E46DC2C13}
	EndGlobalSection
EndGlobal
